
Microsoft Visual Studio Solution File, Format Version 12.00
# Visual Studio Version 16
VisualStudioVersion = 16.0.32802.440
MinimumVisualStudioVersion = 10.0.40219.1
Project("{FAE04EC0-301F-11D3-BF4B-00C04F79EFBC}") = "projetoAgendaContatos", "projetoAgendaContatos\projetoAgendaContatos.csproj", "{7E82B9FE-1649-496B-863D-CF9E9BD88C0E}"
EndProject
Global
	GlobalSection(SolutionConfigurationPlatforms) = preSolution
		Debug|Any CPU = Debug|Any CPU
		Release|Any CPU = Release|Any CPU
	EndGlobalSection
	GlobalSection(ProjectConfigurationPlatforms) = postSolution
		{7E82B9FE-1649-496B-863D-CF9E9BD88C0E}.Debug|Any CPU.ActiveCfg = Debug|Any CPU
		{7E82B9FE-1649-496B-863D-CF9E9BD88C0E}.Debug|Any CPU.Build.0 = Debug|Any CPU
		{7E82B9FE-1649-496B-863D-CF9E9BD88C0E}.Release|Any CPU.ActiveCfg = Release|Any CPU
		{7E82B9FE-1649-496B-863D-CF9E9BD88C0E}.Release|Any CPU.Build.0 = Release|Any CPU
	EndGlobalSection
	GlobalSection(SolutionProperties) = preSolution
		HideSolutionNode = FALSE
	EndGlobalSection
	GlobalSection(ExtensibilityGlobals) = postSolution
		SolutionGuid = {BEFA3E0F-3A1D-4BFD-904E-3A729FC7AFB3}
	EndGlobalSection
EndGlobal
